
Microsoft Visual Studio Solution File, Format Version 12.00
# Visual Studio 15
VisualStudioVersion = 15.0.28307.1267
MinimumVisualStudioVersion = 10.0.40219.1
Project("{FAE04EC0-301F-11D3-BF4B-00C04F79EFBC}") = "QuanLyThuVien.GUI", "QuanLyThuVien.GUI\QuanLyThuVien.GUI.csproj", "{5386D257-6554-4E35-88C9-53206AA74578}"
EndProject
Project("{FAE04EC0-301F-11D3-BF4B-00C04F79EFBC}") = "QuanLyThuVien.DAL", "QuanLyThuVien.DAL\QuanLyThuVien.DAL.csproj", "{F2D20816-4500-47EA-801C-F28D6B2B38E7}"
EndProject
Project("{FAE04EC0-301F-11D3-BF4B-00C04F79EFBC}") = "QuanLyThuVien.BLL", "QuanLyThuVien.BLL\QuanLyThuVien.BLL.csproj", "{E882EF95-5D81-4223-A223-3E897008F650}"
EndProject
Global
	GlobalSection(SolutionConfigurationPlatforms) = preSolution
		Debug|Any CPU = Debug|Any CPU
		Release|Any CPU = Release|Any CPU
	EndGlobalSection
	GlobalSection(ProjectConfigurationPlatforms) = postSolution
		{5386D257-6554-4E35-88C9-53206AA74578}.Debug|Any CPU.ActiveCfg = Debug|Any CPU
		{5386D257-6554-4E35-88C9-53206AA74578}.Debug|Any CPU.Build.0 = Debug|Any CPU
		{5386D257-6554-4E35-88C9-53206AA74578}.Release|Any CPU.ActiveCfg = Release|Any CPU
		{5386D257-6554-4E35-88C9-53206AA74578}.Release|Any CPU.Build.0 = Release|Any CPU
		{F2D20816-4500-47EA-801C-F28D6B2B38E7}.Debug|Any CPU.ActiveCfg = Debug|Any CPU
		{F2D20816-4500-47EA-801C-F28D6B2B38E7}.Debug|Any CPU.Build.0 = Debug|Any CPU
		{F2D20816-4500-47EA-801C-F28D6B2B38E7}.Release|Any CPU.ActiveCfg = Release|Any CPU
		{F2D20816-4500-47EA-801C-F28D6B2B38E7}.Release|Any CPU.Build.0 = Release|Any CPU
		{E882EF95-5D81-4223-A223-3E897008F650}.Debug|Any CPU.ActiveCfg = Debug|Any CPU
		{E882EF95-5D81-4223-A223-3E897008F650}.Debug|Any CPU.Build.0 = Debug|Any CPU
		{E882EF95-5D81-4223-A223-3E897008F650}.Release|Any CPU.ActiveCfg = Release|Any CPU
		{E882EF95-5D81-4223-A223-3E897008F650}.Release|Any CPU.Build.0 = Release|Any CPU
	EndGlobalSection
	GlobalSection(SolutionProperties) = preSolution
		HideSolutionNode = FALSE
	EndGlobalSection
	GlobalSection(ExtensibilityGlobals) = postSolution
		SolutionGuid = {68BAC27F-55E8-42FF-A756-B9829CFF9648}
	EndGlobalSection
EndGlobal
